
Microsoft Visual Studio Solution File, Format Version 12.00
# Visual Studio 15
VisualStudioVersion = 15.0.26730.16
MinimumVisualStudioVersion = 10.0.40219.1
Project("{FAE04EC0-301F-11D3-BF4B-00C04F79EFBC}") = "Server", "Server\Server.csproj", "{CF85091D-47F8-4429-B1DB-E6F08051D595}"
EndProject
Global
	GlobalSection(SolutionConfigurationPlatforms) = preSolution
		Debug|Any CPU = Debug|Any CPU
		Release|Any CPU = Release|Any CPU
	EndGlobalSection
	GlobalSection(ProjectConfigurationPlatforms) = postSolution
		{CF85091D-47F8-4429-B1DB-E6F08051D595}.Debug|Any CPU.ActiveCfg = Debug|Any CPU
		{CF85091D-47F8-4429-B1DB-E6F08051D595}.Debug|Any CPU.Build.0 = Debug|Any CPU
		{CF85091D-47F8-4429-B1DB-E6F08051D595}.Release|Any CPU.ActiveCfg = Release|Any CPU
		{CF85091D-47F8-4429-B1DB-E6F08051D595}.Release|Any CPU.Build.0 = Release|Any CPU
	EndGlobalSection
	GlobalSection(SolutionProperties) = preSolution
		HideSolutionNode = FALSE
	EndGlobalSection
	GlobalSection(ExtensibilityGlobals) = postSolution
		SolutionGuid = {86D7EE7D-B1AD-4598-813A-4A09F877135A}
	EndGlobalSection
EndGlobal
